
Microsoft Visual Studio Solution File, Format Version 12.00
# Visual Studio Version 17
VisualStudioVersion = 17.14.36414.22 d17.14
MinimumVisualStudioVersion = 10.0.40219.1
Project("{FAE04EC0-301F-11D3-BF4B-00C04F79EFBC}") = "Contact Management System", "Contact Management System.csproj", "{67CD2BD2-7D88-4D09-82D8-AB34598EDAB6}"
EndProject
Global
	GlobalSection(SolutionConfigurationPlatforms) = preSolution
		Debug|Any CPU = Debug|Any CPU
		Release|Any CPU = Release|Any CPU
	EndGlobalSection
	GlobalSection(ProjectConfigurationPlatforms) = postSolution
		{67CD2BD2-7D88-4D09-82D8-AB34598EDAB6}.Debug|Any CPU.ActiveCfg = Debug|Any CPU
		{67CD2BD2-7D88-4D09-82D8-AB34598EDAB6}.Debug|Any CPU.Build.0 = Debug|Any CPU
		{67CD2BD2-7D88-4D09-82D8-AB34598EDAB6}.Release|Any CPU.ActiveCfg = Release|Any CPU
		{67CD2BD2-7D88-4D09-82D8-AB34598EDAB6}.Release|Any CPU.Build.0 = Release|Any CPU
	EndGlobalSection
	GlobalSection(SolutionProperties) = preSolution
		HideSolutionNode = FALSE
	EndGlobalSection
	GlobalSection(ExtensibilityGlobals) = postSolution
		SolutionGuid = {65A2AB87-5E79-4381-9F3A-2BD160DA8653}
	EndGlobalSection
EndGlobal
